
Microsoft Visual Studio Solution File, Format Version 12.00
# Visual Studio Version 17
VisualStudioVersion = 17.11.35312.102
MinimumVisualStudioVersion = 10.0.40219.1
Project("{FAE04EC0-301F-11D3-BF4B-00C04F79EFBC}") = "Week5AndOrLogicalOperator", "Week5AndOrLogicalOperator\Week5AndOrLogicalOperator.csproj", "{4A258512-A012-4FE7-BABF-2E8BB7D154A1}"
EndProject
Project("{FAE04EC0-301F-11D3-BF4B-00C04F79EFBC}") = "AndOperatorWithRanges", "AndOperatorWithRanges\AndOperatorWithRanges.csproj", "{B03E519C-1D6B-4F3A-ACAF-79FC306083F0}"
EndProject
Global
	GlobalSection(SolutionConfigurationPlatforms) = preSolution
		Debug|Any CPU = Debug|Any CPU
		Release|Any CPU = Release|Any CPU
	EndGlobalSection
	GlobalSection(ProjectConfigurationPlatforms) = postSolution
		{4A258512-A012-4FE7-BABF-2E8BB7D154A1}.Debug|Any CPU.ActiveCfg = Debug|Any CPU
		{4A258512-A012-4FE7-BABF-2E8BB7D154A1}.Debug|Any CPU.Build.0 = Debug|Any CPU
		{4A258512-A012-4FE7-BABF-2E8BB7D154A1}.Release|Any CPU.ActiveCfg = Release|Any CPU
		{4A258512-A012-4FE7-BABF-2E8BB7D154A1}.Release|Any CPU.Build.0 = Release|Any CPU
		{B03E519C-1D6B-4F3A-ACAF-79FC306083F0}.Debug|Any CPU.ActiveCfg = Debug|Any CPU
		{B03E519C-1D6B-4F3A-ACAF-79FC306083F0}.Debug|Any CPU.Build.0 = Debug|Any CPU
		{B03E519C-1D6B-4F3A-ACAF-79FC306083F0}.Release|Any CPU.ActiveCfg = Release|Any CPU
		{B03E519C-1D6B-4F3A-ACAF-79FC306083F0}.Release|Any CPU.Build.0 = Release|Any CPU
	EndGlobalSection
	GlobalSection(SolutionProperties) = preSolution
		HideSolutionNode = FALSE
	EndGlobalSection
	GlobalSection(ExtensibilityGlobals) = postSolution
		SolutionGuid = {7955CB6C-5240-464A-A30E-2D2EE16E6F37}
	EndGlobalSection
EndGlobal
